
Microsoft Visual Studio Solution File, Format Version 12.00
# Visual Studio 15
VisualStudioVersion = 15.0.26124.0
MinimumVisualStudioVersion = 15.0.26124.0
Project("{FAE04EC0-301F-11D3-BF4B-00C04F79EFBC}") = "net.marqueone.groupr.webapi", "net.marqueone.groupr.webapi\net.marqueone.groupr.webapi.csproj", "{E21AEDC4-BC72-4AE5-A1C1-0A6A292DB45D}"
EndProject
Project("{FAE04EC0-301F-11D3-BF4B-00C04F79EFBC}") = "net.marqueone.groupr.shared", "net.marqueone.groupr.shared\net.marqueone.groupr.shared.csproj", "{E2168D14-E278-452D-9D8D-91C7874081DA}"
EndProject
Global
	GlobalSection(SolutionConfigurationPlatforms) = preSolution
		Debug|Any CPU = Debug|Any CPU
		Debug|x64 = Debug|x64
		Debug|x86 = Debug|x86
		Release|Any CPU = Release|Any CPU
		Release|x64 = Release|x64
		Release|x86 = Release|x86
	EndGlobalSection
	GlobalSection(SolutionProperties) = preSolution
		HideSolutionNode = FALSE
	EndGlobalSection
	GlobalSection(ProjectConfigurationPlatforms) = postSolution
		{E21AEDC4-BC72-4AE5-A1C1-0A6A292DB45D}.Debug|Any CPU.ActiveCfg = Debug|Any CPU
		{E21AEDC4-BC72-4AE5-A1C1-0A6A292DB45D}.Debug|Any CPU.Build.0 = Debug|Any CPU
		{E21AEDC4-BC72-4AE5-A1C1-0A6A292DB45D}.Debug|x64.ActiveCfg = Debug|Any CPU
		{E21AEDC4-BC72-4AE5-A1C1-0A6A292DB45D}.Debug|x64.Build.0 = Debug|Any CPU
		{E21AEDC4-BC72-4AE5-A1C1-0A6A292DB45D}.Debug|x86.ActiveCfg = Debug|Any CPU
		{E21AEDC4-BC72-4AE5-A1C1-0A6A292DB45D}.Debug|x86.Build.0 = Debug|Any CPU
		{E21AEDC4-BC72-4AE5-A1C1-0A6A292DB45D}.Release|Any CPU.ActiveCfg = Release|Any CPU
		{E21AEDC4-BC72-4AE5-A1C1-0A6A292DB45D}.Release|Any CPU.Build.0 = Release|Any CPU
		{E21AEDC4-BC72-4AE5-A1C1-0A6A292DB45D}.Release|x64.ActiveCfg = Release|Any CPU
		{E21AEDC4-BC72-4AE5-A1C1-0A6A292DB45D}.Release|x64.Build.0 = Release|Any CPU
		{E21AEDC4-BC72-4AE5-A1C1-0A6A292DB45D}.Release|x86.ActiveCfg = Release|Any CPU
		{E21AEDC4-BC72-4AE5-A1C1-0A6A292DB45D}.Release|x86.Build.0 = Release|Any CPU
		{E2168D14-E278-452D-9D8D-91C7874081DA}.Debug|Any CPU.ActiveCfg = Debug|Any CPU
		{E2168D14-E278-452D-9D8D-91C7874081DA}.Debug|Any CPU.Build.0 = Debug|Any CPU
		{E2168D14-E278-452D-9D8D-91C7874081DA}.Debug|x64.ActiveCfg = Debug|Any CPU
		{E2168D14-E278-452D-9D8D-91C7874081DA}.Debug|x64.Build.0 = Debug|Any CPU
		{E2168D14-E278-452D-9D8D-91C7874081DA}.Debug|x86.ActiveCfg = Debug|Any CPU
		{E2168D14-E278-452D-9D8D-91C7874081DA}.Debug|x86.Build.0 = Debug|Any CPU
		{E2168D14-E278-452D-9D8D-91C7874081DA}.Release|Any CPU.ActiveCfg = Release|Any CPU
		{E2168D14-E278-452D-9D8D-91C7874081DA}.Release|Any CPU.Build.0 = Release|Any CPU
		{E2168D14-E278-452D-9D8D-91C7874081DA}.Release|x64.ActiveCfg = Release|Any CPU
		{E2168D14-E278-452D-9D8D-91C7874081DA}.Release|x64.Build.0 = Release|Any CPU
		{E2168D14-E278-452D-9D8D-91C7874081DA}.Release|x86.ActiveCfg = Release|Any CPU
		{E2168D14-E278-452D-9D8D-91C7874081DA}.Release|x86.Build.0 = Release|Any CPU
	EndGlobalSection
EndGlobal
